// !$*UTF8*$!
{
	archiveVersion = 1;
	classes = {
	};
	objectVersion = 42;
	objects = {

/* Begin PBXBuildFile section */
		5921648A0AC2486E00AF1A37 /* FLController.m in Sources */ = {isa = PBXBuildFile; fileRef = 592164890AC2486E00AF1A37 /* FLController.m */; };
		592165870AC2633600AF1A37 /* Filelight.icns in Resources */ = {isa = PBXBuildFile; fileRef = 592165860AC2633600AF1A37 /* Filelight.icns */; };
		592647130AC21BF10091F0AF /* FLPolar.m in Sources */ = {isa = PBXBuildFile; fileRef = 592647110AC21BF10091F0AF /* FLPolar.m */; };
		592647AB0AC225570091F0AF /* FLRadialPainter.m in Sources */ = {isa = PBXBuildFile; fileRef = 592647A90AC225570091F0AF /* FLRadialPainter.m */; };
		592647B20AC225780091F0AF /* FLView.m in Sources */ = {isa = PBXBuildFile; fileRef = 592647B10AC225780091F0AF /* FLView.m */; };
		59623EB00ABE674E00BBAEEE /* NSBezierPath+Segment.m in Sources */ = {isa = PBXBuildFile; fileRef = 59623EAE0ABE674E00BBAEEE /* NSBezierPath+Segment.m */; };
		59727F950AD0EE9C0002CDF8 /* FLRadialItem.m in Sources */ = {isa = PBXBuildFile; fileRef = 59727F940AD0EE9C0002CDF8 /* FLRadialItem.m */; };
		597282290AD176FA0002CDF8 /* FLScanner.m in Sources */ = {isa = PBXBuildFile; fileRef = 597282270AD176FA0002CDF8 /* FLScanner.m */; };
		5972874A0AD1D4320002CDF8 /* Carbon.framework in Frameworks */ = {isa = PBXBuildFile; fileRef = 597287350AD1D4310002CDF8 /* Carbon.framework */; };
		59A163290ABF8B27005C1217 /* FLDirectoryDataSource.m in Sources */ = {isa = PBXBuildFile; fileRef = 59A163280ABF8B27005C1217 /* FLDirectoryDataSource.m */; };
		59A163380ABF8BEB005C1217 /* FLFile.m in Sources */ = {isa = PBXBuildFile; fileRef = 59A163370ABF8BEB005C1217 /* FLFile.m */; };
		59A164EC0AC1E26B005C1217 /* Credits.rtf in Resources */ = {isa = PBXBuildFile; fileRef = 59A164EB0AC1E26B005C1217 /* Credits.rtf */; };
		59A164FF0AC1E304005C1217 /* Copying.txt in Resources */ = {isa = PBXBuildFile; fileRef = 59A164FE0AC1E304005C1217 /* Copying.txt */; };
		59A8CC580AD212EF0038A61E /* arrowUp.tiff in Resources */ = {isa = PBXBuildFile; fileRef = 59A8CC570AD212EE0038A61E /* arrowUp.tiff */; };
		59A8CCB70AD219A40038A61E /* reload.tiff in Resources */ = {isa = PBXBuildFile; fileRef = 59A8CCB60AD219A40038A61E /* reload.tiff */; };
		8D11072A0486CEB800E47090 /* MainMenu.nib in Resources */ = {isa = PBXBuildFile; fileRef = 29B97318FDCFA39411CA2CEA /* MainMenu.nib */; };
		8D11072B0486CEB800E47090 /* InfoPlist.strings in Resources */ = {isa = PBXBuildFile; fileRef = 089C165CFE840E0CC02AAC07 /* InfoPlist.strings */; };
		8D11072D0486CEB800E47090 /* main.m in Sources */ = {isa = PBXBuildFile; fileRef = 29B97316FDCFA39411CA2CEA /* main.m */; settings = {ATTRIBUTES = (); }; };
		8D11072F0486CEB800E47090 /* Cocoa.framework in Frameworks */ = {isa = PBXBuildFile; fileRef = 1058C7A1FEA54F0111CA2CBB /* Cocoa.framework */; };
/* End PBXBuildFile section */

/* Begin PBXFileReference section */
		089C165DFE840E0CC02AAC07 /* English */ = {isa = PBXFileReference; fileEncoding = 10; lastKnownFileType = text.plist.strings; name = English; path = English.lproj/InfoPlist.strings; sourceTree = "<group>"; };
		1058C7A1FEA54F0111CA2CBB /* Cocoa.framework */ = {isa = PBXFileReference; lastKnownFileType = wrapper.framework; name = Cocoa.framework; path = /System/Library/Frameworks/Cocoa.framework; sourceTree = "<absolute>"; };
		13E42FB307B3F0F600E4EEF1 /* CoreData.framework */ = {isa = PBXFileReference; lastKnownFileType = wrapper.framework; name = CoreData.framework; path = /System/Library/Frameworks/CoreData.framework; sourceTree = "<absolute>"; };
		29B97316FDCFA39411CA2CEA /* main.m */ = {isa = PBXFileReference; fileEncoding = 4; lastKnownFileType = sourcecode.c.objc; path = main.m; sourceTree = "<group>"; };
		29B97319FDCFA39411CA2CEA /* English */ = {isa = PBXFileReference; lastKnownFileType = wrapper.nib; name = English; path = English.lproj/MainMenu.nib; sourceTree = "<group>"; };
		29B97324FDCFA39411CA2CEA /* AppKit.framework */ = {isa = PBXFileReference; lastKnownFileType = wrapper.framework; name = AppKit.framework; path = /System/Library/Frameworks/AppKit.framework; sourceTree = "<absolute>"; };
		29B97325FDCFA39411CA2CEA /* Foundation.framework */ = {isa = PBXFileReference; lastKnownFileType = wrapper.framework; name = Foundation.framework; path = /System/Library/Frameworks/Foundation.framework; sourceTree = "<absolute>"; };
		592164880AC2486E00AF1A37 /* FLController.h */ = {isa = PBXFileReference; fileEncoding = 4; lastKnownFileType = sourcecode.c.h; path = FLController.h; sourceTree = "<group>"; };
		592164890AC2486E00AF1A37 /* FLController.m */ = {isa = PBXFileReference; fileEncoding = 4; lastKnownFileType = sourcecode.c.objc; path = FLController.m; sourceTree = "<group>"; };
		592165860AC2633600AF1A37 /* Filelight.icns */ = {isa = PBXFileReference; lastKnownFileType = image.icns; path = Filelight.icns; sourceTree = "<group>"; };
		592647110AC21BF10091F0AF /* FLPolar.m */ = {isa = PBXFileReference; fileEncoding = 4; lastKnownFileType = sourcecode.c.objc; path = FLPolar.m; sourceTree = "<group>"; };
		592647120AC21BF10091F0AF /* FLPolar.h */ = {isa = PBXFileReference; fileEncoding = 4; lastKnownFileType = sourcecode.c.h; path = FLPolar.h; sourceTree = "<group>"; };
		592647A90AC225570091F0AF /* FLRadialPainter.m */ = {isa = PBXFileReference; fileEncoding = 4; lastKnownFileType = sourcecode.c.objc; path = FLRadialPainter.m; sourceTree = "<group>"; };
		592647AA0AC225570091F0AF /* FLRadialPainter.h */ = {isa = PBXFileReference; fileEncoding = 4; lastKnownFileType = sourcecode.c.h; path = FLRadialPainter.h; sourceTree = "<group>"; };
		592647B00AC225780091F0AF /* FLView.h */ = {isa = PBXFileReference; fileEncoding = 4; lastKnownFileType = sourcecode.c.h; path = FLView.h; sourceTree = "<group>"; };
		592647B10AC225780091F0AF /* FLView.m */ = {isa = PBXFileReference; fileEncoding = 4; lastKnownFileType = sourcecode.c.objc; path = FLView.m; sourceTree = "<group>"; };
		59623EA60ABE66CF00BBAEEE /* Prefix.pch */ = {isa = PBXFileReference; fileEncoding = 4; lastKnownFileType = sourcecode.c.h; path = Prefix.pch; sourceTree = "<group>"; };
		59623EAE0ABE674E00BBAEEE /* NSBezierPath+Segment.m */ = {isa = PBXFileReference; fileEncoding = 4; lastKnownFileType = sourcecode.c.objc; path = "NSBezierPath+Segment.m"; sourceTree = "<group>"; };
		59623EAF0ABE674E00BBAEEE /* NSBezierPath+Segment.h */ = {isa = PBXFileReference; fileEncoding = 4; lastKnownFileType = sourcecode.c.h; path = "NSBezierPath+Segment.h"; sourceTree = "<group>"; };
		59727F930AD0EE9C0002CDF8 /* FLRadialItem.h */ = {isa = PBXFileReference; fileEncoding = 4; lastKnownFileType = sourcecode.c.h; path = FLRadialItem.h; sourceTree = "<group>"; };
		59727F940AD0EE9C0002CDF8 /* FLRadialItem.m */ = {isa = PBXFileReference; fileEncoding = 4; lastKnownFileType = sourcecode.c.objc; path = FLRadialItem.m; sourceTree = "<group>"; };
		597282270AD176FA0002CDF8 /* FLScanner.m */ = {isa = PBXFileReference; fileEncoding = 4; lastKnownFileType = sourcecode.c.objc; path = FLScanner.m; sourceTree = "<group>"; };
		597282280AD176FA0002CDF8 /* FLScanner.h */ = {isa = PBXFileReference; fileEncoding = 4; lastKnownFileType = sourcecode.c.h; path = FLScanner.h; sourceTree = "<group>"; };
		597287350AD1D4310002CDF8 /* Carbon.framework */ = {isa = PBXFileReference; lastKnownFileType = wrapper.framework; name = Carbon.framework; path = /System/Library/Frameworks/Carbon.framework; sourceTree = "<absolute>"; };
		59A163270ABF8B27005C1217 /* FLDirectoryDataSource.h */ = {isa = PBXFileReference; fileEncoding = 4; lastKnownFileType = sourcecode.c.h; path = FLDirectoryDataSource.h; sourceTree = "<group>"; };
		59A163280ABF8B27005C1217 /* FLDirectoryDataSource.m */ = {isa = PBXFileReference; fileEncoding = 4; lastKnownFileType = sourcecode.c.objc; path = FLDirectoryDataSource.m; sourceTree = "<group>"; };
		59A163360ABF8BEB005C1217 /* FLFile.h */ = {isa = PBXFileReference; fileEncoding = 4; lastKnownFileType = sourcecode.c.h; path = FLFile.h; sourceTree = "<group>"; };
		59A163370ABF8BEB005C1217 /* FLFile.m */ = {isa = PBXFileReference; fileEncoding = 4; lastKnownFileType = sourcecode.c.objc; path = FLFile.m; sourceTree = "<group>"; };
		59A164EB0AC1E26B005C1217 /* Credits.rtf */ = {isa = PBXFileReference; lastKnownFileType = text.rtf; path = Credits.rtf; sourceTree = "<group>"; };
		59A164FE0AC1E304005C1217 /* Copying.txt */ = {isa = PBXFileReference; fileEncoding = 4; lastKnownFileType = text; path = Copying.txt; sourceTree = "<group>"; };
		59A8CC570AD212EE0038A61E /* arrowUp.tiff */ = {isa = PBXFileReference; lastKnownFileType = image.tiff; name = arrowUp.tiff; path = images/arrowUp.tiff; sourceTree = "<group>"; };
		59A8CCB60AD219A40038A61E /* reload.tiff */ = {isa = PBXFileReference; lastKnownFileType = image.tiff; name = reload.tiff; path = images/reload.tiff; sourceTree = "<group>"; };
		8D1107310486CEB800E47090 /* Info.plist */ = {isa = PBXFileReference; fileEncoding = 4; lastKnownFileType = text.plist; path = Info.plist; sourceTree = "<group>"; };
		8D1107320486CEB800E47090 /* Filelight.app */ = {isa = PBXFileReference; explicitFileType = wrapper.application; includeInIndex = 0; path = Filelight.app; sourceTree = BUILT_PRODUCTS_DIR; };
/* End PBXFileReference section */

/* Begin PBXFrameworksBuildPhase section */
		8D11072E0486CEB800E47090 /* Frameworks */ = {
			isa = PBXFrameworksBuildPhase;
			buildActionMask = 2147483647;
			files = (
				8D11072F0486CEB800E47090 /* Cocoa.framework in Frameworks */,
				5972874A0AD1D4320002CDF8 /* Carbon.framework in Frameworks */,
			);
			runOnlyForDeploymentPostprocessing = 0;
		};
/* End PBXFrameworksBuildPhase section */

/* Begin PBXGroup section */
		080E96DDFE201D6D7F000001 /* Classes */ = {
			isa = PBXGroup;
			children = (
				592164880AC2486E00AF1A37 /* FLController.h */,
				592164890AC2486E00AF1A37 /* FLController.m */,
				59A163270ABF8B27005C1217 /* FLDirectoryDataSource.h */,
				59A163280ABF8B27005C1217 /* FLDirectoryDataSource.m */,
				59A163360ABF8BEB005C1217 /* FLFile.h */,
				59A163370ABF8BEB005C1217 /* FLFile.m */,
				592647120AC21BF10091F0AF /* FLPolar.h */,
				592647110AC21BF10091F0AF /* FLPolar.m */,
				59727F930AD0EE9C0002CDF8 /* FLRadialItem.h */,
				59727F940AD0EE9C0002CDF8 /* FLRadialItem.m */,
				592647AA0AC225570091F0AF /* FLRadialPainter.h */,
				592647A90AC225570091F0AF /* FLRadialPainter.m */,
				597282280AD176FA0002CDF8 /* FLScanner.h */,
				597282270AD176FA0002CDF8 /* FLScanner.m */,
				592647B00AC225780091F0AF /* FLView.h */,
				592647B10AC225780091F0AF /* FLView.m */,
				59623EAF0ABE674E00BBAEEE /* NSBezierPath+Segment.h */,
				59623EAE0ABE674E00BBAEEE /* NSBezierPath+Segment.m */,
			);
			name = Classes;
			sourceTree = "<group>";
		};
		1058C7A0FEA54F0111CA2CBB /* Linked Frameworks */ = {
			isa = PBXGroup;
			children = (
				597287350AD1D4310002CDF8 /* Carbon.framework */,
				1058C7A1FEA54F0111CA2CBB /* Cocoa.framework */,
			);
			name = "Linked Frameworks";
			sourceTree = "<group>";
		};
		1058C7A2FEA54F0111CA2CBB /* Other Frameworks */ = {
			isa = PBXGroup;
			children = (
				29B97324FDCFA39411CA2CEA /* AppKit.framework */,
				13E42FB307B3F0F600E4EEF1 /* CoreData.framework */,
				29B97325FDCFA39411CA2CEA /* Foundation.framework */,
			);
			name = "Other Frameworks";
			sourceTree = "<group>";
		};
		19C28FACFE9D520D11CA2CBB /* Products */ = {
			isa = PBXGroup;
			children = (
				8D1107320486CEB800E47090 /* Filelight.app */,
			);
			name = Products;
			sourceTree = "<group>";
		};
		29B97314FDCFA39411CA2CEA /* Filelight */ = {
			isa = PBXGroup;
			children = (
				080E96DDFE201D6D7F000001 /* Classes */,
				29B97315FDCFA39411CA2CEA /* Other Sources */,
				29B97317FDCFA39411CA2CEA /* Resources */,
				29B97323FDCFA39411CA2CEA /* Frameworks */,
				19C28FACFE9D520D11CA2CBB /* Products */,
			);
			name = Filelight;
			sourceTree = "<group>";
		};
		29B97315FDCFA39411CA2CEA /* Other Sources */ = {
			isa = PBXGroup;
			children = (
				29B97316FDCFA39411CA2CEA /* main.m */,
				59623EA60ABE66CF00BBAEEE /* Prefix.pch */,
			);
			name = "Other Sources";
			sourceTree = "<group>";
		};
		29B97317FDCFA39411CA2CEA /* Resources */ = {
			isa = PBXGroup;
			children = (
				59A8CCB60AD219A40038A61E /* reload.tiff */,
				59A8CC570AD212EE0038A61E /* arrowUp.tiff */,
				592165860AC2633600AF1A37 /* Filelight.icns */,
				59A164FE0AC1E304005C1217 /* Copying.txt */,
				59A164EB0AC1E26B005C1217 /* Credits.rtf */,
				8D1107310486CEB800E47090 /* Info.plist */,
				089C165CFE840E0CC02AAC07 /* InfoPlist.strings */,
				29B97318FDCFA39411CA2CEA /* MainMenu.nib */,
			);
			name = Resources;
			sourceTree = "<group>";
		};
		29B97323FDCFA39411CA2CEA /* Frameworks */ = {
			isa = PBXGroup;
			children = (
				1058C7A0FEA54F0111CA2CBB /* Linked Frameworks */,
				1058C7A2FEA54F0111CA2CBB /* Other Frameworks */,
			);
			name = Frameworks;
			sourceTree = "<group>";
		};
/* End PBXGroup section */

/* Begin PBXNativeTarget section */
		8D1107260486CEB800E47090 /* Filelight */ = {
			isa = PBXNativeTarget;
			buildConfigurationList = C01FCF4A08A954540054247B /* Build configuration list for PBXNativeTarget "Filelight" */;
			buildPhases = (
				8D1107290486CEB800E47090 /* Resources */,
				8D11072C0486CEB800E47090 /* Sources */,
				8D11072E0486CEB800E47090 /* Frameworks */,
			);
			buildRules = (
			);
			dependencies = (
			);
			name = Filelight;
			productInstallPath = "$(HOME)/Applications";
			productName = Filelight;
			productReference = 8D1107320486CEB800E47090 /* Filelight.app */;
			productType = "com.apple.product-type.application";
		};
/* End PBXNativeTarget section */

/* Begin PBXProject section */
		29B97313FDCFA39411CA2CEA /* Project object */ = {
			isa = PBXProject;
			buildConfigurationList = C01FCF4E08A954540054247B /* Build configuration list for PBXProject "Filelight" */;
			compatibilityVersion = "Xcode 2.4";
			hasScannedForEncodings = 1;
			mainGroup = 29B97314FDCFA39411CA2CEA /* Filelight */;
			projectDirPath = "";
			projectRoot = "";
			targets = (
				8D1107260486CEB800E47090 /* Filelight */,
			);
		};
/* End PBXProject section */

/* Begin PBXResourcesBuildPhase section */
		8D1107290486CEB800E47090 /* Resources */ = {
			isa = PBXResourcesBuildPhase;
			buildActionMask = 2147483647;
			files = (
				8D11072A0486CEB800E47090 /* MainMenu.nib in Resources */,
				8D11072B0486CEB800E47090 /* InfoPlist.strings in Resources */,
				59A164EC0AC1E26B005C1217 /* Credits.rtf in Resources */,
				59A164FF0AC1E304005C1217 /* Copying.txt in Resources */,
				592165870AC2633600AF1A37 /* Filelight.icns in Resources */,
				59A8CC580AD212EF0038A61E /* arrowUp.tiff in Resources */,
				59A8CCB70AD219A40038A61E /* reload.tiff in Resources */,
			);
			runOnlyForDeploymentPostprocessing = 0;
		};
/* End PBXResourcesBuildPhase section */

/* Begin PBXSourcesBuildPhase section */
		8D11072C0486CEB800E47090 /* Sources */ = {
			isa = PBXSourcesBuildPhase;
			buildActionMask = 2147483647;
			files = (
				8D11072D0486CEB800E47090 /* main.m in Sources */,
				59623EB00ABE674E00BBAEEE /* NSBezierPath+Segment.m in Sources */,
				59A163290ABF8B27005C1217 /* FLDirectoryDataSource.m in Sources */,
				59A163380ABF8BEB005C1217 /* FLFile.m in Sources */,
				592647130AC21BF10091F0AF /* FLPolar.m in Sources */,
				592647AB0AC225570091F0AF /* FLRadialPainter.m in Sources */,
				592647B20AC225780091F0AF /* FLView.m in Sources */,
				5921648A0AC2486E00AF1A37 /* FLController.m in Sources */,
				59727F950AD0EE9C0002CDF8 /* FLRadialItem.m in Sources */,
				597282290AD176FA0002CDF8 /* FLScanner.m in Sources */,
			);
			runOnlyForDeploymentPostprocessing = 0;
		};
/* End PBXSourcesBuildPhase section */

/* Begin PBXVariantGroup section */
		089C165CFE840E0CC02AAC07 /* InfoPlist.strings */ = {
			isa = PBXVariantGroup;
			children = (
				089C165DFE840E0CC02AAC07 /* English */,
			);
			name = InfoPlist.strings;
			sourceTree = "<group>";
		};
		29B97318FDCFA39411CA2CEA /* MainMenu.nib */ = {
			isa = PBXVariantGroup;
			children = (
				29B97319FDCFA39411CA2CEA /* English */,
			);
			name = MainMenu.nib;
			sourceTree = "<group>";
		};
/* End PBXVariantGroup section */

/* Begin XCBuildConfiguration section */
		C01FCF4B08A954540054247B /* Debug */ = {
			isa = XCBuildConfiguration;
			buildSettings = {
				COPY_PHASE_STRIP = NO;
				FRAMEWORK_SEARCH_PATHS = (
					"$(inherited)",
					"$(FRAMEWORK_SEARCH_PATHS_QUOTED_1)",
				);
				FRAMEWORK_SEARCH_PATHS_QUOTED_1 = "\"$(SRCROOT)\"";
				GCC_DYNAMIC_NO_PIC = NO;
				GCC_ENABLE_FIX_AND_CONTINUE = YES;
				GCC_MODEL_TUNING = G5;
				GCC_OPTIMIZATION_LEVEL = 0;
				INFOPLIST_FILE = Info.plist;
				INSTALL_PATH = "$(HOME)/Applications";
				PRODUCT_NAME = Filelight;
				WRAPPER_EXTENSION = app;
				ZERO_LINK = YES;
			};
			name = Debug;
		};
		C01FCF4C08A954540054247B /* Release */ = {
			isa = XCBuildConfiguration;
			buildSettings = {
				ARCHS = (
					ppc,
					i386,
				);
				FRAMEWORK_SEARCH_PATHS = (
					"$(inherited)",
					"$(FRAMEWORK_SEARCH_PATHS_QUOTED_1)",
				);
				FRAMEWORK_SEARCH_PATHS_QUOTED_1 = "\"$(SRCROOT)\"";
				GCC_GENERATE_DEBUGGING_SYMBOLS = NO;
				GCC_MODEL_TUNING = G5;
				INFOPLIST_FILE = Info.plist;
				INSTALL_PATH = "$(HOME)/Applications";
				PRODUCT_NAME = Filelight;
				WRAPPER_EXTENSION = app;
			};
			name = Release;
		};
		C01FCF4F08A954540054247B /* Debug */ = {
			isa = XCBuildConfiguration;
			buildSettings = {
				GCC_PRECOMPILE_PREFIX_HEADER = YES;
				GCC_PREFIX_HEADER = Prefix.pch;
				GCC_WARN_ABOUT_RETURN_TYPE = YES;
				GCC_WARN_UNUSED_VARIABLE = YES;
				PREBINDING = NO;
				SDKROOT = /Developer/SDKs/MacOSX10.4u.sdk;
			};
			name = Debug;
		};
		C01FCF5008A954540054247B /* Release */ = {
			isa = XCBuildConfiguration;
			buildSettings = {
				ARCHS = (
					ppc,
					i386,
				);
				GCC_PRECOMPILE_PREFIX_HEADER = YES;
				GCC_PREFIX_HEADER = Prefix.pch;
				GCC_WARN_ABOUT_RETURN_TYPE = YES;
				GCC_WARN_UNUSED_VARIABLE = YES;
				MACOSX_DEPLOYMENT_TARGET = 10.3;
				PREBINDING = NO;
				SDKROOT = /Developer/SDKs/MacOSX10.4u.sdk;
				SDKROOT_ppc = /Developer/SDKs/MacOSX10.3.9.sdk;
			};
			name = Release;
		};
/* End XCBuildConfiguration section */

/* Begin XCConfigurationList section */
		C01FCF4A08A954540054247B /* Build configuration list for PBXNativeTarget "Filelight" */ = {
			isa = XCConfigurationList;
			buildConfigurations = (
				C01FCF4B08A954540054247B /* Debug */,
				C01FCF4C08A954540054247B /* Release */,
			);
			defaultConfigurationIsVisible = 0;
			defaultConfigurationName = Release;
		};
		C01FCF4E08A954540054247B /* Build configuration list for PBXProject "Filelight" */ = {
			isa = XCConfigurationList;
			buildConfigurations = (
				C01FCF4F08A954540054247B /* Debug */,
				C01FCF5008A954540054247B /* Release */,
			);
			defaultConfigurationIsVisible = 0;
			defaultConfigurationName = Release;
		};
/* End XCConfigurationList section */
	};
	rootObject = 29B97313FDCFA39411CA2CEA /* Project object */;
}
